
Microsoft Visual Studio Solution File, Format Version 12.00
# Visual Studio Version 17
VisualStudioVersion = 17.0.32126.317
MinimumVisualStudioVersion = 10.0.40219.1
Project("{FAE04EC0-301F-11D3-BF4B-00C04F79EFBC}") = "ATM-Management", "ATM-Management\ATM-Management.csproj", "{222CA986-0FD4-470C-8284-C8153F0A011E}"
EndProject
Global
	GlobalSection(SolutionConfigurationPlatforms) = preSolution
		Debug|Any CPU = Debug|Any CPU
		Release|Any CPU = Release|Any CPU
	EndGlobalSection
	GlobalSection(ProjectConfigurationPlatforms) = postSolution
		{222CA986-0FD4-470C-8284-C8153F0A011E}.Debug|Any CPU.ActiveCfg = Debug|Any CPU
		{222CA986-0FD4-470C-8284-C8153F0A011E}.Debug|Any CPU.Build.0 = Debug|Any CPU
		{222CA986-0FD4-470C-8284-C8153F0A011E}.Release|Any CPU.ActiveCfg = Release|Any CPU
		{222CA986-0FD4-470C-8284-C8153F0A011E}.Release|Any CPU.Build.0 = Release|Any CPU
	EndGlobalSection
	GlobalSection(SolutionProperties) = preSolution
		HideSolutionNode = FALSE
	EndGlobalSection
	GlobalSection(ExtensibilityGlobals) = postSolution
		SolutionGuid = {254D69F6-4E4E-48FB-9339-0D41DE91207C}
	EndGlobalSection
EndGlobal
